# This file is automatically @generated by Cargo.
# It is not intended for manual editing.
version = 4

[[package]]
name = "bitflags"
version = "2.13.2"
source = "registry+https://github.com/rust-lang/crates.io-index"
checksum = "3ded4057c258ba199e2d26386d3af3780957ecaee6c4ef4041c6b4b8b97c0b06"

[[package]]
name = "inotify"
version = "0.11.5"
source = "registry+https://github.com/rust-lang/crates.io-index"
checksum = "4cc00ea907cab49550b7da656f80ebb97be1b997d931fbcd28d39734e17ce592"
dependencies = [
 "bitflags",
 "inotify-sys",
 "libc",
]

[[package]]
name = "inotify-sys"
version = "0.1.8"
source = "registry+https://github.com/rust-lang/crates.io-index"
checksum = "c033f80b2c113cdf91ab7a33faa9cbc014726dcad99880c8609af2a370edf37d"
dependencies = [
 "libc",
]

[[package]]
name = "libc"
version = "0.2.189"
source = "registry+https://github.com/rust-lang/crates.io-index"
checksum = "3eaf3ede3fee6db1a4c2ee091bf8a8b4dccdc6d17f656fb07896ee72867612f2"

[[package]]
name = "nft-egress-daemon"
version = "0.1.0"
dependencies = [
 "inotify",
 "libc",
]
